
Microsoft Visual Studio Solution File, Format Version 12.00
# Visual Studio Version 16
VisualStudioVersion = 16.0.31424.327
MinimumVisualStudioVersion = 10.0.40219.1
Project("{FAE04EC0-301F-11D3-BF4B-00C04F79EFBC}") = "MobileUndergradFinal", "MobileUndergradFinal\MobileUndergradFinal.csproj", "{E043C283-C0B4-451E-A4EA-A20B14D0B5A9}"
EndProject
Project("{9A19103F-16F7-4668-BE54-9A1E7A4F7556}") = "Network", "Network\Network.csproj", "{BD510B8C-A77E-4B3F-A09C-F6368A57F233}"
EndProject
Project("{9A19103F-16F7-4668-BE54-9A1E7A4F7556}") = "BusinessLogic", "BusinessLogic\BusinessLogic.csproj", "{7F809B9D-8F42-426F-BA38-4A1AC1BBD0CC}"
EndProject
Project("{9A19103F-16F7-4668-BE54-9A1E7A4F7556}") = "Communication", "Communication\Communication.csproj", "{19835A1A-9626-4295-82F7-1BE083F2B03D}"
EndProject
Global
	GlobalSection(SolutionConfigurationPlatforms) = preSolution
		Debug|Any CPU = Debug|Any CPU
		Release|Any CPU = Release|Any CPU
	EndGlobalSection
	GlobalSection(ProjectConfigurationPlatforms) = postSolution
		{E043C283-C0B4-451E-A4EA-A20B14D0B5A9}.Debug|Any CPU.ActiveCfg = Debug|Any CPU
		{E043C283-C0B4-451E-A4EA-A20B14D0B5A9}.Debug|Any CPU.Build.0 = Debug|Any CPU
		{E043C283-C0B4-451E-A4EA-A20B14D0B5A9}.Debug|Any CPU.Deploy.0 = Debug|Any CPU
		{E043C283-C0B4-451E-A4EA-A20B14D0B5A9}.Release|Any CPU.ActiveCfg = Release|Any CPU
		{E043C283-C0B4-451E-A4EA-A20B14D0B5A9}.Release|Any CPU.Build.0 = Release|Any CPU
		{E043C283-C0B4-451E-A4EA-A20B14D0B5A9}.Release|Any CPU.Deploy.0 = Release|Any CPU
		{BD510B8C-A77E-4B3F-A09C-F6368A57F233}.Debug|Any CPU.ActiveCfg = Debug|Any CPU
		{BD510B8C-A77E-4B3F-A09C-F6368A57F233}.Debug|Any CPU.Build.0 = Debug|Any CPU
		{BD510B8C-A77E-4B3F-A09C-F6368A57F233}.Release|Any CPU.ActiveCfg = Release|Any CPU
		{BD510B8C-A77E-4B3F-A09C-F6368A57F233}.Release|Any CPU.Build.0 = Release|Any CPU
		{7F809B9D-8F42-426F-BA38-4A1AC1BBD0CC}.Debug|Any CPU.ActiveCfg = Debug|Any CPU
		{7F809B9D-8F42-426F-BA38-4A1AC1BBD0CC}.Debug|Any CPU.Build.0 = Debug|Any CPU
		{7F809B9D-8F42-426F-BA38-4A1AC1BBD0CC}.Release|Any CPU.ActiveCfg = Release|Any CPU
		{7F809B9D-8F42-426F-BA38-4A1AC1BBD0CC}.Release|Any CPU.Build.0 = Release|Any CPU
		{19835A1A-9626-4295-82F7-1BE083F2B03D}.Debug|Any CPU.ActiveCfg = Debug|Any CPU
		{19835A1A-9626-4295-82F7-1BE083F2B03D}.Debug|Any CPU.Build.0 = Debug|Any CPU
		{19835A1A-9626-4295-82F7-1BE083F2B03D}.Release|Any CPU.ActiveCfg = Release|Any CPU
		{19835A1A-9626-4295-82F7-1BE083F2B03D}.Release|Any CPU.Build.0 = Release|Any CPU
	EndGlobalSection
	GlobalSection(SolutionProperties) = preSolution
		HideSolutionNode = FALSE
	EndGlobalSection
	GlobalSection(ExtensibilityGlobals) = postSolution
		SolutionGuid = {8D297C85-4194-4B57-B519-A3FBA9C708D9}
	EndGlobalSection
EndGlobal
